{
  "name": "odooParser",
  "lockfileVersion": 2,
  "requires": true,
  "packages": {
    "": {
      "dependencies": {
        "ts-data.stack": "^1.0.6"
      },
      "devDependencies": {
        "typescript": "^4.9.3"
      }
    },
    "node_modules/ts-data.stack": {
      "version": "1.0.6",
      "resolved": "https://registry.npmjs.org/ts-data.stack/-/ts-data.stack-1.0.6.tgz",
      "integrity": "sha512-zYGjT8xKKbe0H5ay2QiYDDSMO0Xx/eLLMEiltqHcbwoF4mkgAJWlLVZKPheg+mn9VVM8SHzUFsoalUlM1BcCdg=="
    },
    "node_modules/typescript": {
      "version": "4.9.3",
      "resolved": "https://registry.npmjs.org/typescript/-/typescript-4.9.3.tgz",
      "integrity": "sha512-CIfGzTelbKNEnLpLdGFgdyKhG23CKdKgQPOBc+OUNrkJ2vr+KSzsSV5kq5iWhEQbok+quxgGzrAtGWCyU7tHnA==",
      "dev": true,
      "bin": {
        "tsc": "bin/tsc",
        "tsserver": "bin/tsserver"
      },
      "engines": {
        "node": ">=4.2.0"
      }
    }
  },
  "dependencies": {
    "ts-data.stack": {
      "version": "1.0.6",
      "resolved": "https://registry.npmjs.org/ts-data.stack/-/ts-data.stack-1.0.6.tgz",
      "integrity": "sha512-zYGjT8xKKbe0H5ay2QiYDDSMO0Xx/eLLMEiltqHcbwoF4mkgAJWlLVZKPheg+mn9VVM8SHzUFsoalUlM1BcCdg=="
    },
    "typescript": {
      "version": "4.9.3",
      "resolved": "https://registry.npmjs.org/typescript/-/typescript-4.9.3.tgz",
      "integrity": "sha512-CIfGzTelbKNEnLpLdGFgdyKhG23CKdKgQPOBc+OUNrkJ2vr+KSzsSV5kq5iWhEQbok+quxgGzrAtGWCyU7tHnA==",
      "dev": true
    }
  }
}
